# This file is automatically @generated by Poetry 1.7.1 and should not be changed by hand.

[[package]]
name = "scratchy-pad-adapters"
version = "0.1.0"
description = "Adapters"
optional = false
python-versions = "*"
files = []
develop = true

[package.source]
type = "directory"
url = "scratchy_pad_adapters"

[[package]]
name = "scratchy-pad-domain"
version = "0.1.0"
description = "Domain"
optional = false
python-versions = "*"
files = []
develop = true

[package.source]
type = "directory"
url = "scratchy_pad_domain"

[metadata]
lock-version = "2.0"
python-versions = "^3.11"
content-hash = "07eeadcd8278d4e4792b18677227744288a7885e7f4ee946d910faef2009e71f"
